
Microsoft Visual Studio Solution File, Format Version 12.00
# Visual Studio Version 17
VisualStudioVersion = 17.0.32126.317
MinimumVisualStudioVersion = 10.0.40219.1
Project("{FAE04EC0-301F-11D3-BF4B-00C04F79EFBC}") = "TestFork", "TestFork\TestFork.csproj", "{0BF62DEA-5F55-49B7-BFFD-C44FDCC3E97E}"
EndProject
Global
	GlobalSection(SolutionConfigurationPlatforms) = preSolution
		Debug|Any CPU = Debug|Any CPU
		Release|Any CPU = Release|Any CPU
	EndGlobalSection
	GlobalSection(ProjectConfigurationPlatforms) = postSolution
		{0BF62DEA-5F55-49B7-BFFD-C44FDCC3E97E}.Debug|Any CPU.ActiveCfg = Debug|Any CPU
		{0BF62DEA-5F55-49B7-BFFD-C44FDCC3E97E}.Debug|Any CPU.Build.0 = Debug|Any CPU
		{0BF62DEA-5F55-49B7-BFFD-C44FDCC3E97E}.Release|Any CPU.ActiveCfg = Release|Any CPU
		{0BF62DEA-5F55-49B7-BFFD-C44FDCC3E97E}.Release|Any CPU.Build.0 = Release|Any CPU
	EndGlobalSection
	GlobalSection(SolutionProperties) = preSolution
		HideSolutionNode = FALSE
	EndGlobalSection
	GlobalSection(ExtensibilityGlobals) = postSolution
		SolutionGuid = {0C07B4B1-F380-493E-A0E3-A92FF99E292E}
	EndGlobalSection
EndGlobal
